{
  "lockfile_version": 1,
  "os": "Ubuntu 24.04.3 LTS",
  "r_version": "R version 4.5.2 (2025-10-31)",
  "platform": "x86_64-pc-linux-gnu",
  "packages": [
    {
      "ref": "askpass",
      "package": "askpass",
      "version": "1.2.1",
      "binary": true
    },
    {
      "ref": "backports",
      "package": "backports",
      "version": "1.5.0",
      "binary": true
    },
    {
      "ref": "base64enc",
      "package": "base64enc",
      "version": "0.1-3",
      "binary": true
    },
    {
      "ref": "bit",
      "package": "bit",
      "version": "4.6.0",
      "binary": true
    },
    {
      "ref": "bit64",
      "package": "bit64",
      "version": "4.6.0-1",
      "binary": true
    },
    {
      "ref": "blob",
      "package": "blob",
      "version": "1.2.4",
      "binary": true
    },
    {
      "ref": "brew",
      "package": "brew",
      "version": "1.0-10",
      "binary": true
    },
    {
      "ref": "brio",
      "package": "brio",
      "version": "1.1.5",
      "binary": true
    },
    {
      "ref": "broom",
      "package": "broom",
      "version": "1.0.11",
      "binary": true
    },
    {
      "ref": "bslib",
      "package": "bslib",
      "version": "0.9.0",
      "binary": true
    },
    {
      "ref": "cachem",
      "package": "cachem",
      "version": "1.1.0",
      "binary": true
    },
    {
      "ref": "callr",
      "package": "callr",
      "version": "3.7.6",
      "binary": true
    },
    {
      "ref": "cellranger",
      "package": "cellranger",
      "version": "1.1.0",
      "binary": true
    },
    {
      "ref": "checkmate",
      "package": "checkmate",
      "version": "2.3.3",
      "binary": true
    },
    {
      "ref": "cli",
      "package": "cli",
      "version": "3.6.5",
      "binary": true
    },
    {
      "ref": "clipr",
      "package": "clipr",
      "version": "0.8.0",
      "binary": true
    },
    {
      "ref": "commonmark",
      "package": "commonmark",
      "version": "2.0.0",
      "binary": true
    },
    {
      "ref": "conflicted",
      "package": "conflicted",
      "version": "1.2.0",
      "binary": true
    },
    {
      "ref": "crayon",
      "package": "crayon",
      "version": "1.5.3",
      "binary": true
    },
    {
      "ref": "credentials",
      "package": "credentials",
      "version": "2.0.3",
      "binary": true
    },
    {
      "ref": "curl",
      "package": "curl",
      "version": "7.0.0",
      "binary": true
    },
    {
      "ref": "data.table",
      "package": "data.table",
      "version": "1.17.8",
      "binary": true
    },
    {
      "ref": "DBI",
      "package": "DBI",
      "version": "1.2.3",
      "binary": true
    },
    {
      "ref": "dbplyr",
      "package": "dbplyr",
      "version": "2.5.1",
      "binary": true
    },
    {
      "ref": "desc",
      "package": "desc",
      "version": "1.4.3",
      "binary": true
    },
    {
      "ref": "devtools",
      "package": "devtools",
      "version": "2.4.6",
      "binary": true
    },
    {
      "ref": "diffobj",
      "package": "diffobj",
      "version": "0.3.6",
      "binary": true
    },
    {
      "ref": "digest",
      "package": "digest",
      "version": "0.6.39",
      "binary": true
    },
    {
      "ref": "downlit",
      "package": "downlit",
      "version": "0.4.5",
      "binary": true
    },
    {
      "ref": "dplyr",
      "package": "dplyr",
      "version": "1.1.4",
      "binary": true
    },
    {
      "ref": "dtplyr",
      "package": "dtplyr",
      "version": "1.3.2",
      "binary": true
    },
    {
      "ref": "duckdb",
      "package": "duckdb",
      "version": "1.4.3",
      "binary": true
    },
    {
      "ref": "ellipsis",
      "package": "ellipsis",
      "version": "0.3.2",
      "binary": true
    },
    {
      "ref": "evaluate",
      "package": "evaluate",
      "version": "1.0.5",
      "binary": true
    },
    {
      "ref": "fansi",
      "package": "fansi",
      "version": "1.0.7",
      "binary": true
    },
    {
      "ref": "farver",
      "package": "farver",
      "version": "2.1.2",
      "binary": true
    },
    {
      "ref": "fastmap",
      "package": "fastmap",
      "version": "1.2.0",
      "binary": true
    },
    {
      "ref": "fontawesome",
      "package": "fontawesome",
      "version": "0.5.3",
      "binary": true
    },
    {
      "ref": "forcats",
      "package": "forcats",
      "version": "1.0.1",
      "binary": true
    },
    {
      "ref": "fs",
      "package": "fs",
      "version": "1.6.6",
      "binary": true
    },
    {
      "ref": "gargle",
      "package": "gargle",
      "version": "1.6.0",
      "binary": true
    },
    {
      "ref": "generics",
      "package": "generics",
      "version": "0.1.4",
      "binary": true
    },
    {
      "ref": "gert",
      "package": "gert",
      "version": "2.2.0",
      "binary": true
    },
    {
      "ref": "ggplot2",
      "package": "ggplot2",
      "version": "4.0.1",
      "binary": true
    },
    {
      "ref": "gh",
      "package": "gh",
      "version": "1.5.0",
      "binary": true
    },
    {
      "ref": "gitcreds",
      "package": "gitcreds",
      "version": "0.1.2",
      "binary": true
    },
    {
      "ref": "glue",
      "package": "glue",
      "version": "1.8.0",
      "binary": true
    },
    {
      "ref": "googledrive",
      "package": "googledrive",
      "version": "2.1.2",
      "binary": true
    },
    {
      "ref": "googlesheets4",
      "package": "googlesheets4",
      "version": "1.1.2",
      "binary": true
    },
    {
      "ref": "gtable",
      "package": "gtable",
      "version": "0.3.6",
      "binary": true
    },
    {
      "ref": "haven",
      "package": "haven",
      "version": "2.5.5",
      "binary": true
    },
    {
      "ref": "here",
      "package": "here",
      "version": "1.0.2",
      "binary": true
    },
    {
      "ref": "highr",
      "package": "highr",
      "version": "0.11",
      "binary": true
    },
    {
      "ref": "hms",
      "package": "hms",
      "version": "1.1.4",
      "binary": true
    },
    {
      "ref": "htmltools",
      "package": "htmltools",
      "version": "0.5.9",
      "binary": true
    },
    {
      "ref": "htmlwidgets",
      "package": "htmlwidgets",
      "version": "1.6.4",
      "binary": true
    },
    {
      "ref": "httpuv",
      "package": "httpuv",
      "version": "1.6.16",
      "binary": false,
      "sha256": "51f341aef9499411b4c446205c87d56dcd9e03e5e9ca2a54b33f70a67bed2f64"
    },
    {
      "ref": "httr",
      "package": "httr",
      "version": "1.4.7",
      "binary": true
    },
    {
      "ref": "httr2",
      "package": "httr2",
      "version": "1.2.2",
      "binary": true
    },
    {
      "ref": "hunspell",
      "package": "hunspell",
      "version": "3.0.6",
      "binary": false,
      "sha256": "4023df2eef4e081eac52efa1ecccc4b31f7941439ce276f4094b9d5a02787535"
    },
    {
      "ref": "ids",
      "package": "ids",
      "version": "1.0.1",
      "binary": true
    },
    {
      "ref": "ini",
      "package": "ini",
      "version": "0.3.1",
      "binary": true
    },
    {
      "ref": "installed::/usr/local/lib/R/library/codetools",
      "package": "codetools",
      "version": "0.2-20",
      "binary": true
    },
    {
      "ref": "isoband",
      "package": "isoband",
      "version": "0.3.0",
      "binary": true
    },
    {
      "ref": "jquerylib",
      "package": "jquerylib",
      "version": "0.1.4",
      "binary": true
    },
    {
      "ref": "jsonlite",
      "package": "jsonlite",
      "version": "2.0.0",
      "binary": true
    },
    {
      "ref": "knitr",
      "package": "knitr",
      "version": "1.50",
      "binary": true
    },
    {
      "ref": "labeling",
      "package": "labeling",
      "version": "0.4.3",
      "binary": true
    },
    {
      "ref": "later",
      "package": "later",
      "version": "1.4.4",
      "binary": false,
      "sha256": "18cec083cdbc3e5e9a491fa10af5cfcabb9cd91231e4e8a18e58e8651da7aa80"
    },
    {
      "ref": "lazyeval",
      "package": "lazyeval",
      "version": "0.2.2",
      "binary": true
    },
    {
      "ref": "lifecycle",
      "package": "lifecycle",
      "version": "1.0.4",
      "binary": true
    },
    {
      "ref": "lintr",
      "package": "lintr",
      "version": "3.3.0-1",
      "binary": true
    },
    {
      "ref": "local::.",
      "package": "SCDB",
      "version": "0.5.1.9000",
      "binary": false
    },
    {
      "ref": "lubridate",
      "package": "lubridate",
      "version": "1.9.4",
      "binary": true
    },
    {
      "ref": "magrittr",
      "package": "magrittr",
      "version": "2.0.4",
      "binary": true
    },
    {
      "ref": "memoise",
      "package": "memoise",
      "version": "2.0.1",
      "binary": true
    },
    {
      "ref": "microbenchmark",
      "package": "microbenchmark",
      "version": "1.5.0",
      "binary": true
    },
    {
      "ref": "mime",
      "package": "mime",
      "version": "0.13",
      "binary": true
    },
    {
      "ref": "miniUI",
      "package": "miniUI",
      "version": "0.1.2",
      "binary": true
    },
    {
      "ref": "modelr",
      "package": "modelr",
      "version": "0.1.11",
      "binary": true
    },
    {
      "ref": "odbc",
      "package": "odbc",
      "version": "1.6.4",
      "binary": false,
      "sha256": "317a577b6ec27de6b9880faf42a5284cb35a5933d9438fc8f156091c96683d6f"
    },
    {
      "ref": "openssl",
      "package": "openssl",
      "version": "2.3.4",
      "binary": true
    },
    {
      "ref": "otel",
      "package": "otel",
      "version": "0.2.0",
      "binary": true
    },
    {
      "ref": "pak",
      "package": "pak",
      "version": "0.9.1",
      "binary": true
    },
    {
      "ref": "parallelly",
      "package": "parallelly",
      "version": "1.45.1",
      "binary": true
    },
    {
      "ref": "pillar",
      "package": "pillar",
      "version": "1.11.1",
      "binary": true
    },
    {
      "ref": "pkgbuild",
      "package": "pkgbuild",
      "version": "1.4.8",
      "binary": true
    },
    {
      "ref": "pkgconfig",
      "package": "pkgconfig",
      "version": "2.0.3",
      "binary": true
    },
    {
      "ref": "pkgdown",
      "package": "pkgdown",
      "version": "2.2.0",
      "binary": true
    },
    {
      "ref": "pkgload",
      "package": "pkgload",
      "version": "1.4.1",
      "binary": true
    },
    {
      "ref": "praise",
      "package": "praise",
      "version": "1.0.0",
      "binary": true
    },
    {
      "ref": "prettyunits",
      "package": "prettyunits",
      "version": "1.2.0",
      "binary": true
    },
    {
      "ref": "processx",
      "package": "processx",
      "version": "3.8.6",
      "binary": true
    },
    {
      "ref": "profvis",
      "package": "profvis",
      "version": "0.4.0",
      "binary": true
    },
    {
      "ref": "promises",
      "package": "promises",
      "version": "1.5.0",
      "binary": true
    },
    {
      "ref": "ps",
      "package": "ps",
      "version": "1.9.1",
      "binary": true
    },
    {
      "ref": "purrr",
      "package": "purrr",
      "version": "1.2.0",
      "binary": true
    },
    {
      "ref": "R6",
      "package": "R6",
      "version": "2.6.1",
      "binary": true
    },
    {
      "ref": "ragg",
      "package": "ragg",
      "version": "1.5.0",
      "binary": true
    },
    {
      "ref": "rappdirs",
      "package": "rappdirs",
      "version": "0.3.3",
      "binary": true
    },
    {
      "ref": "rcmdcheck",
      "package": "rcmdcheck",
      "version": "1.4.0",
      "binary": true
    },
    {
      "ref": "RColorBrewer",
      "package": "RColorBrewer",
      "version": "1.1-3",
      "binary": true
    },
    {
      "ref": "Rcpp",
      "package": "Rcpp",
      "version": "1.1.0",
      "binary": false,
      "sha256": "84211c2520ba68c839b2e75761e97afc90baeebccbaf216ac8534fa2076cfb4d"
    },
    {
      "ref": "readr",
      "package": "readr",
      "version": "2.1.6",
      "binary": true
    },
    {
      "ref": "readxl",
      "package": "readxl",
      "version": "1.4.5",
      "binary": true
    },
    {
      "ref": "rematch",
      "package": "rematch",
      "version": "2.0.0",
      "binary": true
    },
    {
      "ref": "rematch2",
      "package": "rematch2",
      "version": "2.1.2",
      "binary": true
    },
    {
      "ref": "remotes",
      "package": "remotes",
      "version": "2.5.0",
      "binary": true
    },
    {
      "ref": "reprex",
      "package": "reprex",
      "version": "2.1.1",
      "binary": true
    },
    {
      "ref": "rex",
      "package": "rex",
      "version": "1.2.1",
      "binary": true
    },
    {
      "ref": "rlang",
      "package": "rlang",
      "version": "1.1.6",
      "binary": true
    },
    {
      "ref": "rmarkdown",
      "package": "rmarkdown",
      "version": "2.30",
      "binary": true
    },
    {
      "ref": "roxygen2",
      "package": "roxygen2",
      "version": "7.3.3",
      "binary": true
    },
    {
      "ref": "RPostgres",
      "package": "RPostgres",
      "version": "1.4.8",
      "binary": true
    },
    {
      "ref": "rprojroot",
      "package": "rprojroot",
      "version": "2.1.1",
      "binary": true
    },
    {
      "ref": "RSQLite",
      "package": "RSQLite",
      "version": "2.4.5",
      "binary": true
    },
    {
      "ref": "rstudioapi",
      "package": "rstudioapi",
      "version": "0.17.1",
      "binary": true
    },
    {
      "ref": "rversions",
      "package": "rversions",
      "version": "3.0.0",
      "binary": true
    },
    {
      "ref": "rvest",
      "package": "rvest",
      "version": "1.0.5",
      "binary": true
    },
    {
      "ref": "S7",
      "package": "S7",
      "version": "0.2.1",
      "binary": true
    },
    {
      "ref": "sass",
      "package": "sass",
      "version": "0.4.10",
      "binary": true
    },
    {
      "ref": "scales",
      "package": "scales",
      "version": "1.4.0",
      "binary": true
    },
    {
      "ref": "selectr",
      "package": "selectr",
      "version": "0.5-0",
      "binary": true
    },
    {
      "ref": "sessioninfo",
      "package": "sessioninfo",
      "version": "1.2.3",
      "binary": true
    },
    {
      "ref": "shiny",
      "package": "shiny",
      "version": "1.12.1",
      "binary": false,
      "sha256": "b8e6d1641822308453e3d1e511837f67e2213400dacd6370b6846e116b238aa2"
    },
    {
      "ref": "sourcetools",
      "package": "sourcetools",
      "version": "0.1.7-1",
      "binary": true
    },
    {
      "ref": "spelling",
      "package": "spelling",
      "version": "2.3.2",
      "binary": true
    },
    {
      "ref": "stringi",
      "package": "stringi",
      "version": "1.8.7",
      "binary": true
    },
    {
      "ref": "stringr",
      "package": "stringr",
      "version": "1.6.0",
      "binary": true
    },
    {
      "ref": "sys",
      "package": "sys",
      "version": "3.4.3",
      "binary": true
    },
    {
      "ref": "systemfonts",
      "package": "systemfonts",
      "version": "1.3.1",
      "binary": true
    },
    {
      "ref": "testthat",
      "package": "testthat",
      "version": "3.3.1",
      "binary": true
    },
    {
      "ref": "textshaping",
      "package": "textshaping",
      "version": "1.0.4",
      "binary": true
    },
    {
      "ref": "tibble",
      "package": "tibble",
      "version": "3.3.0",
      "binary": true
    },
    {
      "ref": "tidyr",
      "package": "tidyr",
      "version": "1.3.1",
      "binary": true
    },
    {
      "ref": "tidyselect",
      "package": "tidyselect",
      "version": "1.2.1",
      "binary": true
    },
    {
      "ref": "tidyverse",
      "package": "tidyverse",
      "version": "2.0.0",
      "binary": true
    },
    {
      "ref": "timechange",
      "package": "timechange",
      "version": "0.3.0",
      "binary": true
    },
    {
      "ref": "tinytex",
      "package": "tinytex",
      "version": "0.58",
      "binary": true
    },
    {
      "ref": "tzdb",
      "package": "tzdb",
      "version": "0.5.0",
      "binary": true
    },
    {
      "ref": "urlchecker",
      "package": "urlchecker",
      "version": "1.0.1",
      "binary": true
    },
    {
      "ref": "usethis",
      "package": "usethis",
      "version": "3.2.1",
      "binary": true
    },
    {
      "ref": "utf8",
      "package": "utf8",
      "version": "1.2.6",
      "binary": true
    },
    {
      "ref": "uuid",
      "package": "uuid",
      "version": "1.2-1",
      "binary": true
    },
    {
      "ref": "vctrs",
      "package": "vctrs",
      "version": "0.6.5",
      "binary": true
    },
    {
      "ref": "viridisLite",
      "package": "viridisLite",
      "version": "0.4.2",
      "binary": true
    },
    {
      "ref": "vroom",
      "package": "vroom",
      "version": "1.6.7",
      "binary": true
    },
    {
      "ref": "waldo",
      "package": "waldo",
      "version": "0.6.2",
      "binary": true
    },
    {
      "ref": "whisker",
      "package": "whisker",
      "version": "0.4.1",
      "binary": true
    },
    {
      "ref": "withr",
      "package": "withr",
      "version": "3.0.2",
      "binary": true
    },
    {
      "ref": "xfun",
      "package": "xfun",
      "version": "0.54",
      "binary": true
    },
    {
      "ref": "xml2",
      "package": "xml2",
      "version": "1.5.1",
      "binary": true
    },
    {
      "ref": "xmlparsedata",
      "package": "xmlparsedata",
      "version": "1.0.5",
      "binary": true
    },
    {
      "ref": "xopen",
      "package": "xopen",
      "version": "1.0.1",
      "binary": true
    },
    {
      "ref": "xtable",
      "package": "xtable",
      "version": "1.8-4",
      "binary": true
    },
    {
      "ref": "yaml",
      "package": "yaml",
      "version": "2.3.12",
      "binary": true
    },
    {
      "ref": "zip",
      "package": "zip",
      "version": "2.3.3",
      "binary": true
    }
  ],
  "sysreqs": {
    "os": "linux",
    "distribution": "ubuntu",
    "version": "24.04",
    "url": {},
    "pre_install": "apt-get -y update",
    "install_scripts": "apt-get -y install libx11-dev git libcurl4-openssl-dev libssl-dev xz-utils make libgit2-dev zlib1g-dev pandoc unixodbc-dev libfreetype6-dev libjpeg-dev libpng-dev libtiff-dev libwebp-dev libpq-dev libicu-dev libfontconfig1-dev libfribidi-dev libharfbuzz-dev libxml2-dev",
    "post_install": {},
    "packages": ["libx11-dev", "git", "libcurl4-openssl-dev", "libssl-dev", "xz-utils", "make", "libgit2-dev", "zlib1g-dev", "pandoc", "unixodbc-dev", "libfreetype6-dev", "libjpeg-dev", "libpng-dev", "libtiff-dev", "libwebp-dev", "libpq-dev", "libicu-dev", "libfontconfig1-dev", "libfribidi-dev", "libharfbuzz-dev", "libxml2-dev"]
  }
}
